
Microsoft Visual Studio Solution File, Format Version 12.00
# Visual Studio Version 17
VisualStudioVersion = 17.5.33516.290
MinimumVisualStudioVersion = 10.0.40219.1
Project("{9A19103F-16F7-4668-BE54-9A1E7A4F7556}") = "HackerNews.Core", "HackerNews.Core\HackerNews.Core.csproj", "{84EE4F86-FEDA-4FEE-8B95-8E5FEE31401E}"
EndProject
Project("{9A19103F-16F7-4668-BE54-9A1E7A4F7556}") = "HackerNews.Tests", "HackerNews.Tests\HackerNews.Tests.csproj", "{EBC34E2E-7981-442D-BEDE-CBF6FDC68152}"
EndProject
Project("{9A19103F-16F7-4668-BE54-9A1E7A4F7556}") = "HackerNews.Data", "HackerNews.Data\HackerNews.Data.csproj", "{6623643B-DBC0-42C7-AFA5-66A25E25AC5B}"
EndProject
Project("{9A19103F-16F7-4668-BE54-9A1E7A4F7556}") = "HackerNews.Api", "HackerNews.Api\HackerNews.Api.csproj", "{8B2D1FC0-AC47-4C20-A6B9-A614C3C9B60A}"
EndProject
Global
	GlobalSection(SolutionConfigurationPlatforms) = preSolution
		Debug|Any CPU = Debug|Any CPU
		Release|Any CPU = Release|Any CPU
	EndGlobalSection
	GlobalSection(ProjectConfigurationPlatforms) = postSolution
		{84EE4F86-FEDA-4FEE-8B95-8E5FEE31401E}.Debug|Any CPU.ActiveCfg = Debug|Any CPU
		{84EE4F86-FEDA-4FEE-8B95-8E5FEE31401E}.Debug|Any CPU.Build.0 = Debug|Any CPU
		{84EE4F86-FEDA-4FEE-8B95-8E5FEE31401E}.Release|Any CPU.ActiveCfg = Release|Any CPU
		{84EE4F86-FEDA-4FEE-8B95-8E5FEE31401E}.Release|Any CPU.Build.0 = Release|Any CPU
		{EBC34E2E-7981-442D-BEDE-CBF6FDC68152}.Debug|Any CPU.ActiveCfg = Debug|Any CPU
		{EBC34E2E-7981-442D-BEDE-CBF6FDC68152}.Debug|Any CPU.Build.0 = Debug|Any CPU
		{EBC34E2E-7981-442D-BEDE-CBF6FDC68152}.Release|Any CPU.ActiveCfg = Release|Any CPU
		{EBC34E2E-7981-442D-BEDE-CBF6FDC68152}.Release|Any CPU.Build.0 = Release|Any CPU
		{6623643B-DBC0-42C7-AFA5-66A25E25AC5B}.Debug|Any CPU.ActiveCfg = Debug|Any CPU
		{6623643B-DBC0-42C7-AFA5-66A25E25AC5B}.Debug|Any CPU.Build.0 = Debug|Any CPU
		{6623643B-DBC0-42C7-AFA5-66A25E25AC5B}.Release|Any CPU.ActiveCfg = Release|Any CPU
		{6623643B-DBC0-42C7-AFA5-66A25E25AC5B}.Release|Any CPU.Build.0 = Release|Any CPU
		{8B2D1FC0-AC47-4C20-A6B9-A614C3C9B60A}.Debug|Any CPU.ActiveCfg = Debug|Any CPU
		{8B2D1FC0-AC47-4C20-A6B9-A614C3C9B60A}.Debug|Any CPU.Build.0 = Debug|Any CPU
		{8B2D1FC0-AC47-4C20-A6B9-A614C3C9B60A}.Release|Any CPU.ActiveCfg = Release|Any CPU
		{8B2D1FC0-AC47-4C20-A6B9-A614C3C9B60A}.Release|Any CPU.Build.0 = Release|Any CPU
	EndGlobalSection
	GlobalSection(SolutionProperties) = preSolution
		HideSolutionNode = FALSE
	EndGlobalSection
	GlobalSection(ExtensibilityGlobals) = postSolution
		SolutionGuid = {DCCCE76A-BA64-458C-836C-16A6834A26B1}
	EndGlobalSection
EndGlobal
